
Microsoft Visual Studio Solution File, Format Version 12.00
# Visual Studio Version 16
VisualStudioVersion = 16.0.30114.105
MinimumVisualStudioVersion = 10.0.40219.1
Project("{2150E333-8FDC-42A3-9474-1A3956D46DE8}") = "src", "src", "{49E86474-7959-4FD3-A767-05E7CAC26DDF}"
EndProject
Project("{FAE04EC0-301F-11D3-BF4B-00C04F79EFBC}") = "SabinoLabs.Api", "src\SabinoLabs.Api\SabinoLabs.Api.csproj", "{27AF4BDA-76C8-407F-A196-A08B2FE66FC0}"
EndProject
Project("{2150E333-8FDC-42A3-9474-1A3956D46DE8}") = "test", "test", "{152EC0F9-9A75-441A-901C-0B9882FEFCBC}"
EndProject
Project("{FAE04EC0-301F-11D3-BF4B-00C04F79EFBC}") = "SabinoLabs.Test", "test\SabinoLabs.Test\SabinoLabs.Test.csproj", "{8852A5CF-562F-496A-ACA7-09E9E6BEE401}"
EndProject
Project("{FAE04EC0-301F-11D3-BF4B-00C04F79EFBC}") = "SabinoLabs.Crosscutting", "src\SabinoLabs.Crosscutting\SabinoLabs.Crosscutting.csproj", "{DA992302-1A27-4C37-8B29-EAB3554757E7}"
EndProject
Project("{FAE04EC0-301F-11D3-BF4B-00C04F79EFBC}") = "SabinoLabs.Domain", "src\SabinoLabs.Domain\SabinoLabs.Domain.csproj", "{A271001D-F8EF-40C9-9968-A5031292DF15}"
EndProject
Project("{FAE04EC0-301F-11D3-BF4B-00C04F79EFBC}") = "SabinoLabs.Infrastructure", "src\SabinoLabs.Infrastructure\SabinoLabs.Infrastructure.csproj", "{73C11927-C1D1-42FA-A182-9126E6BAB3DF}"
EndProject
Global
	GlobalSection(SolutionConfigurationPlatforms) = preSolution
		Debug|Any CPU = Debug|Any CPU
		Debug|x64 = Debug|x64
		Debug|x86 = Debug|x86
		Release|Any CPU = Release|Any CPU
		Release|x64 = Release|x64
		Release|x86 = Release|x86
	EndGlobalSection
	GlobalSection(SolutionProperties) = preSolution
		HideSolutionNode = FALSE
	EndGlobalSection
	GlobalSection(ProjectConfigurationPlatforms) = postSolution
		{27AF4BDA-76C8-407F-A196-A08B2FE66FC0}.Debug|Any CPU.ActiveCfg = Debug|Any CPU
		{27AF4BDA-76C8-407F-A196-A08B2FE66FC0}.Debug|Any CPU.Build.0 = Debug|Any CPU
		{27AF4BDA-76C8-407F-A196-A08B2FE66FC0}.Debug|x64.ActiveCfg = Debug|Any CPU
		{27AF4BDA-76C8-407F-A196-A08B2FE66FC0}.Debug|x64.Build.0 = Debug|Any CPU
		{27AF4BDA-76C8-407F-A196-A08B2FE66FC0}.Debug|x86.ActiveCfg = Debug|Any CPU
		{27AF4BDA-76C8-407F-A196-A08B2FE66FC0}.Debug|x86.Build.0 = Debug|Any CPU
		{27AF4BDA-76C8-407F-A196-A08B2FE66FC0}.Release|Any CPU.ActiveCfg = Release|Any CPU
		{27AF4BDA-76C8-407F-A196-A08B2FE66FC0}.Release|Any CPU.Build.0 = Release|Any CPU
		{27AF4BDA-76C8-407F-A196-A08B2FE66FC0}.Release|x64.ActiveCfg = Release|Any CPU
		{27AF4BDA-76C8-407F-A196-A08B2FE66FC0}.Release|x64.Build.0 = Release|Any CPU
		{27AF4BDA-76C8-407F-A196-A08B2FE66FC0}.Release|x86.ActiveCfg = Release|Any CPU
		{27AF4BDA-76C8-407F-A196-A08B2FE66FC0}.Release|x86.Build.0 = Release|Any CPU
		{8852A5CF-562F-496A-ACA7-09E9E6BEE401}.Debug|Any CPU.ActiveCfg = Debug|Any CPU
		{8852A5CF-562F-496A-ACA7-09E9E6BEE401}.Debug|Any CPU.Build.0 = Debug|Any CPU
		{8852A5CF-562F-496A-ACA7-09E9E6BEE401}.Debug|x64.ActiveCfg = Debug|Any CPU
		{8852A5CF-562F-496A-ACA7-09E9E6BEE401}.Debug|x64.Build.0 = Debug|Any CPU
		{8852A5CF-562F-496A-ACA7-09E9E6BEE401}.Debug|x86.ActiveCfg = Debug|Any CPU
		{8852A5CF-562F-496A-ACA7-09E9E6BEE401}.Debug|x86.Build.0 = Debug|Any CPU
		{8852A5CF-562F-496A-ACA7-09E9E6BEE401}.Release|Any CPU.ActiveCfg = Release|Any CPU
		{8852A5CF-562F-496A-ACA7-09E9E6BEE401}.Release|Any CPU.Build.0 = Release|Any CPU
		{8852A5CF-562F-496A-ACA7-09E9E6BEE401}.Release|x64.ActiveCfg = Release|Any CPU
		{8852A5CF-562F-496A-ACA7-09E9E6BEE401}.Release|x64.Build.0 = Release|Any CPU
		{8852A5CF-562F-496A-ACA7-09E9E6BEE401}.Release|x86.ActiveCfg = Release|Any CPU
		{8852A5CF-562F-496A-ACA7-09E9E6BEE401}.Release|x86.Build.0 = Release|Any CPU
		{DA992302-1A27-4C37-8B29-EAB3554757E7}.Debug|Any CPU.ActiveCfg = Debug|Any CPU
		{DA992302-1A27-4C37-8B29-EAB3554757E7}.Debug|Any CPU.Build.0 = Debug|Any CPU
		{DA992302-1A27-4C37-8B29-EAB3554757E7}.Debug|x64.ActiveCfg = Debug|Any CPU
		{DA992302-1A27-4C37-8B29-EAB3554757E7}.Debug|x64.Build.0 = Debug|Any CPU
		{DA992302-1A27-4C37-8B29-EAB3554757E7}.Debug|x86.ActiveCfg = Debug|Any CPU
		{DA992302-1A27-4C37-8B29-EAB3554757E7}.Debug|x86.Build.0 = Debug|Any CPU
		{DA992302-1A27-4C37-8B29-EAB3554757E7}.Release|Any CPU.ActiveCfg = Release|Any CPU
		{DA992302-1A27-4C37-8B29-EAB3554757E7}.Release|Any CPU.Build.0 = Release|Any CPU
		{DA992302-1A27-4C37-8B29-EAB3554757E7}.Release|x64.ActiveCfg = Release|Any CPU
		{DA992302-1A27-4C37-8B29-EAB3554757E7}.Release|x64.Build.0 = Release|Any CPU
		{DA992302-1A27-4C37-8B29-EAB3554757E7}.Release|x86.ActiveCfg = Release|Any CPU
		{DA992302-1A27-4C37-8B29-EAB3554757E7}.Release|x86.Build.0 = Release|Any CPU
		{A271001D-F8EF-40C9-9968-A5031292DF15}.Debug|Any CPU.ActiveCfg = Debug|Any CPU
		{A271001D-F8EF-40C9-9968-A5031292DF15}.Debug|Any CPU.Build.0 = Debug|Any CPU
		{A271001D-F8EF-40C9-9968-A5031292DF15}.Debug|x64.ActiveCfg = Debug|Any CPU
		{A271001D-F8EF-40C9-9968-A5031292DF15}.Debug|x64.Build.0 = Debug|Any CPU
		{A271001D-F8EF-40C9-9968-A5031292DF15}.Debug|x86.ActiveCfg = Debug|Any CPU
		{A271001D-F8EF-40C9-9968-A5031292DF15}.Debug|x86.Build.0 = Debug|Any CPU
		{A271001D-F8EF-40C9-9968-A5031292DF15}.Release|Any CPU.ActiveCfg = Release|Any CPU
		{A271001D-F8EF-40C9-9968-A5031292DF15}.Release|Any CPU.Build.0 = Release|Any CPU
		{A271001D-F8EF-40C9-9968-A5031292DF15}.Release|x64.ActiveCfg = Release|Any CPU
		{A271001D-F8EF-40C9-9968-A5031292DF15}.Release|x64.Build.0 = Release|Any CPU
		{A271001D-F8EF-40C9-9968-A5031292DF15}.Release|x86.ActiveCfg = Release|Any CPU
		{A271001D-F8EF-40C9-9968-A5031292DF15}.Release|x86.Build.0 = Release|Any CPU
		{73C11927-C1D1-42FA-A182-9126E6BAB3DF}.Debug|Any CPU.ActiveCfg = Debug|Any CPU
		{73C11927-C1D1-42FA-A182-9126E6BAB3DF}.Debug|Any CPU.Build.0 = Debug|Any CPU
		{73C11927-C1D1-42FA-A182-9126E6BAB3DF}.Debug|x64.ActiveCfg = Debug|Any CPU
		{73C11927-C1D1-42FA-A182-9126E6BAB3DF}.Debug|x64.Build.0 = Debug|Any CPU
		{73C11927-C1D1-42FA-A182-9126E6BAB3DF}.Debug|x86.ActiveCfg = Debug|Any CPU
		{73C11927-C1D1-42FA-A182-9126E6BAB3DF}.Debug|x86.Build.0 = Debug|Any CPU
		{73C11927-C1D1-42FA-A182-9126E6BAB3DF}.Release|Any CPU.ActiveCfg = Release|Any CPU
		{73C11927-C1D1-42FA-A182-9126E6BAB3DF}.Release|Any CPU.Build.0 = Release|Any CPU
		{73C11927-C1D1-42FA-A182-9126E6BAB3DF}.Release|x64.ActiveCfg = Release|Any CPU
		{73C11927-C1D1-42FA-A182-9126E6BAB3DF}.Release|x64.Build.0 = Release|Any CPU
		{73C11927-C1D1-42FA-A182-9126E6BAB3DF}.Release|x86.ActiveCfg = Release|Any CPU
		{73C11927-C1D1-42FA-A182-9126E6BAB3DF}.Release|x86.Build.0 = Release|Any CPU
	EndGlobalSection
	GlobalSection(NestedProjects) = preSolution
		{27AF4BDA-76C8-407F-A196-A08B2FE66FC0} = {49E86474-7959-4FD3-A767-05E7CAC26DDF}
		{8852A5CF-562F-496A-ACA7-09E9E6BEE401} = {152EC0F9-9A75-441A-901C-0B9882FEFCBC}
		{DA992302-1A27-4C37-8B29-EAB3554757E7} = {49E86474-7959-4FD3-A767-05E7CAC26DDF}
		{A271001D-F8EF-40C9-9968-A5031292DF15} = {49E86474-7959-4FD3-A767-05E7CAC26DDF}
		{73C11927-C1D1-42FA-A182-9126E6BAB3DF} = {49E86474-7959-4FD3-A767-05E7CAC26DDF}
	EndGlobalSection
EndGlobal
